
Microsoft Visual Studio Solution File, Format Version 12.00
# Visual Studio Version 17
VisualStudioVersion = 17.8.34525.116
MinimumVisualStudioVersion = 10.0.40219.1
Project("{2150E333-8FDC-42A3-9474-1A3956D46DE8}") = "Core", "Core", "{E775B989-56E4-4F8C-8163-8A35A2DBA643}"
EndProject
Project("{9A19103F-16F7-4668-BE54-9A1E7A4F7556}") = "UdemyCarBook.Domain", "Core\UdemyCarBook.Domain\UdemyCarBook.Domain.csproj", "{4BD30D32-FBA0-4CB0-B7E0-7BD8DC28F73A}"
EndProject
Project("{2150E333-8FDC-42A3-9474-1A3956D46DE8}") = "Infrastructure", "Infrastructure", "{D62D66E3-A102-4810-A00E-9B4BBB6D6A9E}"
EndProject
Project("{9A19103F-16F7-4668-BE54-9A1E7A4F7556}") = "UdemyCarBook.Persistence", "Infrastructure\UdemyCarBook.Persistence\UdemyCarBook.Persistence.csproj", "{CAAD63B4-3B36-4F5A-B1EB-F2BBA44B5380}"
EndProject
Project("{2150E333-8FDC-42A3-9474-1A3956D46DE8}") = "Presentation", "Presentation", "{2DD000DC-9C18-419F-97EA-38B8B46BF55B}"
EndProject
Project("{9A19103F-16F7-4668-BE54-9A1E7A4F7556}") = "UdemyCarBook.WebApi", "Presentation\UdemyCarBook.WebApi\UdemyCarBook.WebApi.csproj", "{F225920F-B2F4-410E-9B5C-0DD42355B4B4}"
EndProject
Project("{FAE04EC0-301F-11D3-BF4B-00C04F79EFBC}") = "UdemyCarBook.Application", "Core\UdemyCarBook.Application\UdemyCarBook.Application.csproj", "{840A1570-9A19-490C-8214-21D34FB4B546}"
EndProject
Global
	GlobalSection(SolutionConfigurationPlatforms) = preSolution
		Debug|Any CPU = Debug|Any CPU
		Release|Any CPU = Release|Any CPU
	EndGlobalSection
	GlobalSection(ProjectConfigurationPlatforms) = postSolution
		{4BD30D32-FBA0-4CB0-B7E0-7BD8DC28F73A}.Debug|Any CPU.ActiveCfg = Debug|Any CPU
		{4BD30D32-FBA0-4CB0-B7E0-7BD8DC28F73A}.Debug|Any CPU.Build.0 = Debug|Any CPU
		{4BD30D32-FBA0-4CB0-B7E0-7BD8DC28F73A}.Release|Any CPU.ActiveCfg = Release|Any CPU
		{4BD30D32-FBA0-4CB0-B7E0-7BD8DC28F73A}.Release|Any CPU.Build.0 = Release|Any CPU
		{CAAD63B4-3B36-4F5A-B1EB-F2BBA44B5380}.Debug|Any CPU.ActiveCfg = Debug|Any CPU
		{CAAD63B4-3B36-4F5A-B1EB-F2BBA44B5380}.Debug|Any CPU.Build.0 = Debug|Any CPU
		{CAAD63B4-3B36-4F5A-B1EB-F2BBA44B5380}.Release|Any CPU.ActiveCfg = Release|Any CPU
		{CAAD63B4-3B36-4F5A-B1EB-F2BBA44B5380}.Release|Any CPU.Build.0 = Release|Any CPU
		{F225920F-B2F4-410E-9B5C-0DD42355B4B4}.Debug|Any CPU.ActiveCfg = Debug|Any CPU
		{F225920F-B2F4-410E-9B5C-0DD42355B4B4}.Debug|Any CPU.Build.0 = Debug|Any CPU
		{F225920F-B2F4-410E-9B5C-0DD42355B4B4}.Release|Any CPU.ActiveCfg = Release|Any CPU
		{F225920F-B2F4-410E-9B5C-0DD42355B4B4}.Release|Any CPU.Build.0 = Release|Any CPU
		{840A1570-9A19-490C-8214-21D34FB4B546}.Debug|Any CPU.ActiveCfg = Debug|Any CPU
		{840A1570-9A19-490C-8214-21D34FB4B546}.Debug|Any CPU.Build.0 = Debug|Any CPU
		{840A1570-9A19-490C-8214-21D34FB4B546}.Release|Any CPU.ActiveCfg = Release|Any CPU
		{840A1570-9A19-490C-8214-21D34FB4B546}.Release|Any CPU.Build.0 = Release|Any CPU
	EndGlobalSection
	GlobalSection(SolutionProperties) = preSolution
		HideSolutionNode = FALSE
	EndGlobalSection
	GlobalSection(NestedProjects) = preSolution
		{4BD30D32-FBA0-4CB0-B7E0-7BD8DC28F73A} = {E775B989-56E4-4F8C-8163-8A35A2DBA643}
		{CAAD63B4-3B36-4F5A-B1EB-F2BBA44B5380} = {D62D66E3-A102-4810-A00E-9B4BBB6D6A9E}
		{F225920F-B2F4-410E-9B5C-0DD42355B4B4} = {2DD000DC-9C18-419F-97EA-38B8B46BF55B}
		{840A1570-9A19-490C-8214-21D34FB4B546} = {E775B989-56E4-4F8C-8163-8A35A2DBA643}
	EndGlobalSection
	GlobalSection(ExtensibilityGlobals) = postSolution
		SolutionGuid = {9FB819AB-2802-4DA9-9BE9-840E49D8BCE3}
	EndGlobalSection
EndGlobal
